// !$*UTF8*$!
{
	archiveVersion = 1;
	classes = {
	};
	objectVersion = 50;
	objects = {

/* Begin PBXBuildFile section */
		1801388922C1135A0089811B /* AppDelegate.swift in Sources */ = {isa = PBXBuildFile; fileRef = 1801388822C1135A0089811B /* AppDelegate.swift */; };
		1801388B22C1135A0089811B /* ViewController.swift in Sources */ = {isa = PBXBuildFile; fileRef = 1801388A22C1135A0089811B /* ViewController.swift */; };
		1801388E22C1135A0089811B /* Main.storyboard in Resources */ = {isa = PBXBuildFile; fileRef = 1801388C22C1135A0089811B /* Main.storyboard */; };
		1801389022C1135C0089811B /* Assets.xcassets in Resources */ = {isa = PBXBuildFile; fileRef = 1801388F22C1135C0089811B /* Assets.xcassets */; };
		1801389322C1135C0089811B /* LaunchScreen.storyboard in Resources */ = {isa = PBXBuildFile; fileRef = 1801389122C1135C0089811B /* LaunchScreen.storyboard */; };
		1801389E22C1135C0089811B /* CameraPracticeTests.swift in Sources */ = {isa = PBXBuildFile; fileRef = 1801389D22C1135C0089811B /* CameraPracticeTests.swift */; };
		180138A922C1135C0089811B /* CameraPracticeUITests.swift in Sources */ = {isa = PBXBuildFile; fileRef = 180138A822C1135C0089811B /* CameraPracticeUITests.swift */; };
/* End PBXBuildFile section */

/* Begin PBXContainerItemProxy section */
		1801389A22C1135C0089811B /* PBXContainerItemProxy */ = {
			isa = PBXContainerItemProxy;
			containerPortal = 1801387D22C1135A0089811B /* Project object */;
			proxyType = 1;
			remoteGlobalIDString = 1801388422C1135A0089811B;
			remoteInfo = CameraPractice;
		};
		180138A522C1135C0089811B /* PBXContainerItemProxy */ = {
			isa = PBXContainerItemProxy;
			containerPortal = 1801387D22C1135A0089811B /* Project object */;
			proxyType = 1;
			remoteGlobalIDString = 1801388422C1135A0089811B;
			remoteInfo = CameraPractice;
		};
/* End PBXContainerItemProxy section */

/* Begin PBXFileReference section */
		1801388522C1135A0089811B /* CameraPractice.app */ = {isa = PBXFileReference; explicitFileType = wrapper.application; includeInIndex = 0; path = CameraPractice.app; sourceTree = BUILT_PRODUCTS_DIR; };
		1801388822C1135A0089811B /* AppDelegate.swift */ = {isa = PBXFileReference; lastKnownFileType = sourcecode.swift; path = AppDelegate.swift; sourceTree = "<group>"; };
		1801388A22C1135A0089811B /* ViewController.swift */ = {isa = PBXFileReference; lastKnownFileType = sourcecode.swift; path = ViewController.swift; sourceTree = "<group>"; };
		1801388D22C1135A0089811B /* Base */ = {isa = PBXFileReference; lastKnownFileType = file.storyboard; name = Base; path = Base.lproj/Main.storyboard; sourceTree = "<group>"; };
		1801388F22C1135C0089811B /* Assets.xcassets */ = {isa = PBXFileReference; lastKnownFileType = folder.assetcatalog; path = Assets.xcassets; sourceTree = "<group>"; };
		1801389222C1135C0089811B /* Base */ = {isa = PBXFileReference; lastKnownFileType = file.storyboard; name = Base; path = Base.lproj/LaunchScreen.storyboard; sourceTree = "<group>"; };
		1801389422C1135C0089811B /* Info.plist */ = {isa = PBXFileReference; lastKnownFileType = text.plist.xml; path = Info.plist; sourceTree = "<group>"; };
		1801389922C1135C0089811B /* CameraPracticeTests.xctest */ = {isa = PBXFileReference; explicitFileType = wrapper.cfbundle; includeInIndex = 0; path = CameraPracticeTests.xctest; sourceTree = BUILT_PRODUCTS_DIR; };
		1801389D22C1135C0089811B /* CameraPracticeTests.swift */ = {isa = PBXFileReference; lastKnownFileType = sourcecode.swift; path = CameraPracticeTests.swift; sourceTree = "<group>"; };
		1801389F22C1135C0089811B /* Info.plist */ = {isa = PBXFileReference; lastKnownFileType = text.plist.xml; path = Info.plist; sourceTree = "<group>"; };
		180138A422C1135C0089811B /* CameraPracticeUITests.xctest */ = {isa = PBXFileReference; explicitFileType = wrapper.cfbundle; includeInIndex = 0; path = CameraPracticeUITests.xctest; sourceTree = BUILT_PRODUCTS_DIR; };
		180138A822C1135C0089811B /* CameraPracticeUITests.swift */ = {isa = PBXFileReference; lastKnownFileType = sourcecode.swift; path = CameraPracticeUITests.swift; sourceTree = "<group>"; };
		180138AA22C1135C0089811B /* Info.plist */ = {isa = PBXFileReference; lastKnownFileType = text.plist.xml; path = Info.plist; sourceTree = "<group>"; };
/* End PBXFileReference section */

/* Begin PBXFrameworksBuildPhase section */
		1801388222C1135A0089811B /* Frameworks */ = {
			isa = PBXFrameworksBuildPhase;
			buildActionMask = 2147483647;
			files = (
			);
			runOnlyForDeploymentPostprocessing = 0;
		};
		1801389622C1135C0089811B /* Frameworks */ = {
			isa = PBXFrameworksBuildPhase;
			buildActionMask = 2147483647;
			files = (
			);
			runOnlyForDeploymentPostprocessing = 0;
		};
		180138A122C1135C0089811B /* Frameworks */ = {
			isa = PBXFrameworksBuildPhase;
			buildActionMask = 2147483647;
			files = (
			);
			runOnlyForDeploymentPostprocessing = 0;
		};
/* End PBXFrameworksBuildPhase section */

/* Begin PBXGroup section */
		1801387C22C1135A0089811B = {
			isa = PBXGroup;
			children = (
				1801388722C1135A0089811B /* CameraPractice */,
				1801389C22C1135C0089811B /* CameraPracticeTests */,
				180138A722C1135C0089811B /* CameraPracticeUITests */,
				1801388622C1135A0089811B /* Products */,
			);
			sourceTree = "<group>";
		};
		1801388622C1135A0089811B /* Products */ = {
			isa = PBXGroup;
			children = (
				1801388522C1135A0089811B /* CameraPractice.app */,
				1801389922C1135C0089811B /* CameraPracticeTests.xctest */,
				180138A422C1135C0089811B /* CameraPracticeUITests.xctest */,
			);
			name = Products;
			sourceTree = "<group>";
		};
		1801388722C1135A0089811B /* CameraPractice */ = {
			isa = PBXGroup;
			children = (
				1801388822C1135A0089811B /* AppDelegate.swift */,
				1801388A22C1135A0089811B /* ViewController.swift */,
				1801388C22C1135A0089811B /* Main.storyboard */,
				1801388F22C1135C0089811B /* Assets.xcassets */,
				1801389122C1135C0089811B /* LaunchScreen.storyboard */,
				1801389422C1135C0089811B /* Info.plist */,
			);
			path = CameraPractice;
			sourceTree = "<group>";
		};
		1801389C22C1135C0089811B /* CameraPracticeTests */ = {
			isa = PBXGroup;
			children = (
				1801389D22C1135C0089811B /* CameraPracticeTests.swift */,
				1801389F22C1135C0089811B /* Info.plist */,
			);
			path = CameraPracticeTests;
			sourceTree = "<group>";
		};
		180138A722C1135C0089811B /* CameraPracticeUITests */ = {
			isa = PBXGroup;
			children = (
				180138A822C1135C0089811B /* CameraPracticeUITests.swift */,
				180138AA22C1135C0089811B /* Info.plist */,
			);
			path = CameraPracticeUITests;
			sourceTree = "<group>";
		};
/* End PBXGroup section */

/* Begin PBXNativeTarget section */
		1801388422C1135A0089811B /* CameraPractice */ = {
			isa = PBXNativeTarget;
			buildConfigurationList = 180138AD22C1135C0089811B /* Build configuration list for PBXNativeTarget "CameraPractice" */;
			buildPhases = (
				1801388122C1135A0089811B /* Sources */,
				1801388222C1135A0089811B /* Frameworks */,
				1801388322C1135A0089811B /* Resources */,
			);
			buildRules = (
			);
			dependencies = (
			);
			name = CameraPractice;
			productName = CameraPractice;
			productReference = 1801388522C1135A0089811B /* CameraPractice.app */;
			productType = "com.apple.product-type.application";
		};
		1801389822C1135C0089811B /* CameraPracticeTests */ = {
			isa = PBXNativeTarget;
			buildConfigurationList = 180138B022C1135C0089811B /* Build configuration list for PBXNativeTarget "CameraPracticeTests" */;
			buildPhases = (
				1801389522C1135C0089811B /* Sources */,
				1801389622C1135C0089811B /* Frameworks */,
				1801389722C1135C0089811B /* Resources */,
			);
			buildRules = (
			);
			dependencies = (
				1801389B22C1135C0089811B /* PBXTargetDependency */,
			);
			name = CameraPracticeTests;
			productName = CameraPracticeTests;
			productReference = 1801389922C1135C0089811B /* CameraPracticeTests.xctest */;
			productType = "com.apple.product-type.bundle.unit-test";
		};
		180138A322C1135C0089811B /* CameraPracticeUITests */ = {
			isa = PBXNativeTarget;
			buildConfigurationList = 180138B322C1135C0089811B /* Build configuration list for PBXNativeTarget "CameraPracticeUITests" */;
			buildPhases = (
				180138A022C1135C0089811B /* Sources */,
				180138A122C1135C0089811B /* Frameworks */,
				180138A222C1135C0089811B /* Resources */,
			);
			buildRules = (
			);
			dependencies = (
				180138A622C1135C0089811B /* PBXTargetDependency */,
			);
			name = CameraPracticeUITests;
			productName = CameraPracticeUITests;
			productReference = 180138A422C1135C0089811B /* CameraPracticeUITests.xctest */;
			productType = "com.apple.product-type.bundle.ui-testing";
		};
/* End PBXNativeTarget section */

/* Begin PBXProject section */
		1801387D22C1135A0089811B /* Project object */ = {
			isa = PBXProject;
			attributes = {
				LastSwiftUpdateCheck = 1020;
				LastUpgradeCheck = 1020;
				ORGANIZATIONNAME = Apple;
				TargetAttributes = {
					1801388422C1135A0089811B = {
						CreatedOnToolsVersion = 10.2.1;
					};
					1801389822C1135C0089811B = {
						CreatedOnToolsVersion = 10.2.1;
						TestTargetID = 1801388422C1135A0089811B;
					};
					180138A322C1135C0089811B = {
						CreatedOnToolsVersion = 10.2.1;
						TestTargetID = 1801388422C1135A0089811B;
					};
				};
			};
			buildConfigurationList = 1801388022C1135A0089811B /* Build configuration list for PBXProject "CameraPractice" */;
			compatibilityVersion = "Xcode 9.3";
			developmentRegion = en;
			hasScannedForEncodings = 0;
			knownRegions = (
				en,
				Base,
			);
			mainGroup = 1801387C22C1135A0089811B;
			productRefGroup = 1801388622C1135A0089811B /* Products */;
			projectDirPath = "";
			projectRoot = "";
			targets = (
				1801388422C1135A0089811B /* CameraPractice */,
				1801389822C1135C0089811B /* CameraPracticeTests */,
				180138A322C1135C0089811B /* CameraPracticeUITests */,
			);
		};
/* End PBXProject section */

/* Begin PBXResourcesBuildPhase section */
		1801388322C1135A0089811B /* Resources */ = {
			isa = PBXResourcesBuildPhase;
			buildActionMask = 2147483647;
			files = (
				1801389322C1135C0089811B /* LaunchScreen.storyboard in Resources */,
				1801389022C1135C0089811B /* Assets.xcassets in Resources */,
				1801388E22C1135A0089811B /* Main.storyboard in Resources */,
			);
			runOnlyForDeploymentPostprocessing = 0;
		};
		1801389722C1135C0089811B /* Resources */ = {
			isa = PBXResourcesBuildPhase;
			buildActionMask = 2147483647;
			files = (
			);
			runOnlyForDeploymentPostprocessing = 0;
		};
		180138A222C1135C0089811B /* Resources */ = {
			isa = PBXResourcesBuildPhase;
			buildActionMask = 2147483647;
			files = (
			);
			runOnlyForDeploymentPostprocessing = 0;
		};
/* End PBXResourcesBuildPhase section */

/* Begin PBXSourcesBuildPhase section */
		1801388122C1135A0089811B /* Sources */ = {
			isa = PBXSourcesBuildPhase;
			buildActionMask = 2147483647;
			files = (
				1801388B22C1135A0089811B /* ViewController.swift in Sources */,
				1801388922C1135A0089811B /* AppDelegate.swift in Sources */,
			);
			runOnlyForDeploymentPostprocessing = 0;
		};
		1801389522C1135C0089811B /* Sources */ = {
			isa = PBXSourcesBuildPhase;
			buildActionMask = 2147483647;
			files = (
				1801389E22C1135C0089811B /* CameraPracticeTests.swift in Sources */,
			);
			runOnlyForDeploymentPostprocessing = 0;
		};
		180138A022C1135C0089811B /* Sources */ = {
			isa = PBXSourcesBuildPhase;
			buildActionMask = 2147483647;
			files = (
				180138A922C1135C0089811B /* CameraPracticeUITests.swift in Sources */,
			);
			runOnlyForDeploymentPostprocessing = 0;
		};
/* End PBXSourcesBuildPhase section */

/* Begin PBXTargetDependency section */
		1801389B22C1135C0089811B /* PBXTargetDependency */ = {
			isa = PBXTargetDependency;
			target = 1801388422C1135A0089811B /* CameraPractice */;
			targetProxy = 1801389A22C1135C0089811B /* PBXContainerItemProxy */;
		};
		180138A622C1135C0089811B /* PBXTargetDependency */ = {
			isa = PBXTargetDependency;
			target = 1801388422C1135A0089811B /* CameraPractice */;
			targetProxy = 180138A522C1135C0089811B /* PBXContainerItemProxy */;
		};
/* End PBXTargetDependency section */

/* Begin PBXVariantGroup section */
		1801388C22C1135A0089811B /* Main.storyboard */ = {
			isa = PBXVariantGroup;
			children = (
				1801388D22C1135A0089811B /* Base */,
			);
			name = Main.storyboard;
			sourceTree = "<group>";
		};
		1801389122C1135C0089811B /* LaunchScreen.storyboard */ = {
			isa = PBXVariantGroup;
			children = (
				1801389222C1135C0089811B /* Base */,
			);
			name = LaunchScreen.storyboard;
			sourceTree = "<group>";
		};
/* End PBXVariantGroup section */

/* Begin XCBuildConfiguration section */
		180138AB22C1135C0089811B /* Debug */ = {
			isa = XCBuildConfiguration;
			buildSettings = {
				ALWAYS_SEARCH_USER_PATHS = NO;
				CLANG_ANALYZER_NONNULL = YES;
				CLANG_ANALYZER_NUMBER_OBJECT_CONVERSION = YES_AGGRESSIVE;
				CLANG_CXX_LANGUAGE_STANDARD = "gnu++14";
				CLANG_CXX_LIBRARY = "libc++";
				CLANG_ENABLE_MODULES = YES;
				CLANG_ENABLE_OBJC_ARC = YES;
				CLANG_ENABLE_OBJC_WEAK = YES;
				CLANG_WARN_BLOCK_CAPTURE_AUTORELEASING = YES;
				CLANG_WARN_BOOL_CONVERSION = YES;
				CLANG_WARN_COMMA = YES;
				CLANG_WARN_CONSTANT_CONVERSION = YES;
				CLANG_WARN_DEPRECATED_OBJC_IMPLEMENTATIONS = YES;
				CLANG_WARN_DIRECT_OBJC_ISA_USAGE = YES_ERROR;
				CLANG_WARN_DOCUMENTATION_COMMENTS = YES;
				CLANG_WARN_EMPTY_BODY = YES;
				CLANG_WARN_ENUM_CONVERSION = YES;
				CLANG_WARN_INFINITE_RECURSION = YES;
				CLANG_WARN_INT_CONVERSION = YES;
				CLANG_WARN_NON_LITERAL_NULL_CONVERSION = YES;
				CLANG_WARN_OBJC_IMPLICIT_RETAIN_SELF = YES;
				CLANG_WARN_OBJC_LITERAL_CONVERSION = YES;
				CLANG_WARN_OBJC_ROOT_CLASS = YES_ERROR;
				CLANG_WARN_RANGE_LOOP_ANALYSIS = YES;
				CLANG_WARN_STRICT_PROTOTYPES = YES;
				CLANG_WARN_SUSPICIOUS_MOVE = YES;
				CLANG_WARN_UNGUARDED_AVAILABILITY = YES_AGGRESSIVE;
				CLANG_WARN_UNREACHABLE_CODE = YES;
				CLANG_WARN__DUPLICATE_METHOD_MATCH = YES;
				CODE_SIGN_IDENTITY = "iPhone Developer";
				COPY_PHASE_STRIP = NO;
				DEBUG_INFORMATION_FORMAT = dwarf;
				ENABLE_STRICT_OBJC_MSGSEND = YES;
				ENABLE_TESTABILITY = YES;
				GCC_C_LANGUAGE_STANDARD = gnu11;
				GCC_DYNAMIC_NO_PIC = NO;
				GCC_NO_COMMON_BLOCKS = YES;
				GCC_OPTIMIZATION_LEVEL = 0;
				GCC_PREPROCESSOR_DEFINITIONS = (
					"DEBUG=1",
					"$(inherited)",
				);
				GCC_WARN_64_TO_32_BIT_CONVERSION = YES;
				GCC_WARN_ABOUT_RETURN_TYPE = YES_ERROR;
				GCC_WARN_UNDECLARED_SELECTOR = YES;
				GCC_WARN_UNINITIALIZED_AUTOS = YES_AGGRESSIVE;
				GCC_WARN_UNUSED_FUNCTION = YES;
				GCC_WARN_UNUSED_VARIABLE = YES;
				IPHONEOS_DEPLOYMENT_TARGET = 12.2;
				MTL_ENABLE_DEBUG_INFO = INCLUDE_SOURCE;
				MTL_FAST_MATH = YES;
				ONLY_ACTIVE_ARCH = YES;
				SDKROOT = iphoneos;
				SWIFT_ACTIVE_COMPILATION_CONDITIONS = DEBUG;
				SWIFT_OPTIMIZATION_LEVEL = "-Onone";
			};
			name = Debug;
		};
		180138AC22C1135C0089811B /* Release */ = {
			isa = XCBuildConfiguration;
			buildSettings = {
				ALWAYS_SEARCH_USER_PATHS = NO;
				CLANG_ANALYZER_NONNULL = YES;
				CLANG_ANALYZER_NUMBER_OBJECT_CONVERSION = YES_AGGRESSIVE;
				CLANG_CXX_LANGUAGE_STANDARD = "gnu++14";
				CLANG_CXX_LIBRARY = "libc++";
				CLANG_ENABLE_MODULES = YES;
				CLANG_ENABLE_OBJC_ARC = YES;
				CLANG_ENABLE_OBJC_WEAK = YES;
				CLANG_WARN_BLOCK_CAPTURE_AUTORELEASING = YES;
				CLANG_WARN_BOOL_CONVERSION = YES;
				CLANG_WARN_COMMA = YES;
				CLANG_WARN_CONSTANT_CONVERSION = YES;
				CLANG_WARN_DEPRECATED_OBJC_IMPLEMENTATIONS = YES;
				CLANG_WARN_DIRECT_OBJC_ISA_USAGE = YES_ERROR;
				CLANG_WARN_DOCUMENTATION_COMMENTS = YES;
				CLANG_WARN_EMPTY_BODY = YES;
				CLANG_WARN_ENUM_CONVERSION = YES;
				CLANG_WARN_INFINITE_RECURSION = YES;
				CLANG_WARN_INT_CONVERSION = YES;
				CLANG_WARN_NON_LITERAL_NULL_CONVERSION = YES;
				CLANG_WARN_OBJC_IMPLICIT_RETAIN_SELF = YES;
				CLANG_WARN_OBJC_LITERAL_CONVERSION = YES;
				CLANG_WARN_OBJC_ROOT_CLASS = YES_ERROR;
				CLANG_WARN_RANGE_LOOP_ANALYSIS = YES;
				CLANG_WARN_STRICT_PROTOTYPES = YES;
				CLANG_WARN_SUSPICIOUS_MOVE = YES;
				CLANG_WARN_UNGUARDED_AVAILABILITY = YES_AGGRESSIVE;
				CLANG_WARN_UNREACHABLE_CODE = YES;
				CLANG_WARN__DUPLICATE_METHOD_MATCH = YES;
				CODE_SIGN_IDENTITY = "iPhone Developer";
				COPY_PHASE_STRIP = NO;
				DEBUG_INFORMATION_FORMAT = "dwarf-with-dsym";
				ENABLE_NS_ASSERTIONS = NO;
				ENABLE_STRICT_OBJC_MSGSEND = YES;
				GCC_C_LANGUAGE_STANDARD = gnu11;
				GCC_NO_COMMON_BLOCKS = YES;
				GCC_WARN_64_TO_32_BIT_CONVERSION = YES;
				GCC_WARN_ABOUT_RETURN_TYPE = YES_ERROR;
				GCC_WARN_UNDECLARED_SELECTOR = YES;
				GCC_WARN_UNINITIALIZED_AUTOS = YES_AGGRESSIVE;
				GCC_WARN_UNUSED_FUNCTION = YES;
				GCC_WARN_UNUSED_VARIABLE = YES;
				IPHONEOS_DEPLOYMENT_TARGET = 12.2;
				MTL_ENABLE_DEBUG_INFO = NO;
				MTL_FAST_MATH = YES;
				SDKROOT = iphoneos;
				SWIFT_COMPILATION_MODE = wholemodule;
				SWIFT_OPTIMIZATION_LEVEL = "-O";
				VALIDATE_PRODUCT = YES;
			};
			name = Release;
		};
		180138AE22C1135C0089811B /* Debug */ = {
			isa = XCBuildConfiguration;
			buildSettings = {
				ASSETCATALOG_COMPILER_APPICON_NAME = AppIcon;
				CODE_SIGN_STYLE = Automatic;
				INFOPLIST_FILE = CameraPractice/Info.plist;
				LD_RUNPATH_SEARCH_PATHS = (
					"$(inherited)",
					"@executable_path/Frameworks",
				);
				PRODUCT_BUNDLE_IDENTIFIER = CA.CameraPractice;
				PRODUCT_NAME = "$(TARGET_NAME)";
				SWIFT_VERSION = 5.0;
				TARGETED_DEVICE_FAMILY = "1,2";
			};
			name = Debug;
		};
		180138AF22C1135C0089811B /* Release */ = {
			isa = XCBuildConfiguration;
			buildSettings = {
				ASSETCATALOG_COMPILER_APPICON_NAME = AppIcon;
				CODE_SIGN_STYLE = Automatic;
				INFOPLIST_FILE = CameraPractice/Info.plist;
				LD_RUNPATH_SEARCH_PATHS = (
					"$(inherited)",
					"@executable_path/Frameworks",
				);
				PRODUCT_BUNDLE_IDENTIFIER = CA.CameraPractice;
				PRODUCT_NAME = "$(TARGET_NAME)";
				SWIFT_VERSION = 5.0;
				TARGETED_DEVICE_FAMILY = "1,2";
			};
			name = Release;
		};
		180138B122C1135C0089811B /* Debug */ = {
			isa = XCBuildConfiguration;
			buildSettings = {
				ALWAYS_EMBED_SWIFT_STANDARD_LIBRARIES = YES;
				BUNDLE_LOADER = "$(TEST_HOST)";
				CODE_SIGN_STYLE = Automatic;
				INFOPLIST_FILE = CameraPracticeTests/Info.plist;
				LD_RUNPATH_SEARCH_PATHS = (
					"$(inherited)",
					"@executable_path/Frameworks",
					"@loader_path/Frameworks",
				);
				PRODUCT_BUNDLE_IDENTIFIER = CA.CameraPracticeTests;
				PRODUCT_NAME = "$(TARGET_NAME)";
				SWIFT_VERSION = 5.0;
				TARGETED_DEVICE_FAMILY = "1,2";
				TEST_HOST = "$(BUILT_PRODUCTS_DIR)/CameraPractice.app/CameraPractice";
			};
			name = Debug;
		};
		180138B222C1135C0089811B /* Release */ = {
			isa = XCBuildConfiguration;
			buildSettings = {
				ALWAYS_EMBED_SWIFT_STANDARD_LIBRARIES = YES;
				BUNDLE_LOADER = "$(TEST_HOST)";
				CODE_SIGN_STYLE = Automatic;
				INFOPLIST_FILE = CameraPracticeTests/Info.plist;
				LD_RUNPATH_SEARCH_PATHS = (
					"$(inherited)",
					"@executable_path/Frameworks",
					"@loader_path/Frameworks",
				);
				PRODUCT_BUNDLE_IDENTIFIER = CA.CameraPracticeTests;
				PRODUCT_NAME = "$(TARGET_NAME)";
				SWIFT_VERSION = 5.0;
				TARGETED_DEVICE_FAMILY = "1,2";
				TEST_HOST = "$(BUILT_PRODUCTS_DIR)/CameraPractice.app/CameraPractice";
			};
			name = Release;
		};
		180138B422C1135C0089811B /* Debug */ = {
			isa = XCBuildConfiguration;
			buildSettings = {
				ALWAYS_EMBED_SWIFT_STANDARD_LIBRARIES = YES;
				CODE_SIGN_STYLE = Automatic;
				INFOPLIST_FILE = CameraPracticeUITests/Info.plist;
				LD_RUNPATH_SEARCH_PATHS = (
					"$(inherited)",
					"@executable_path/Frameworks",
					"@loader_path/Frameworks",
				);
				PRODUCT_BUNDLE_IDENTIFIER = CA.CameraPracticeUITests;
				PRODUCT_NAME = "$(TARGET_NAME)";
				SWIFT_VERSION = 5.0;
				TARGETED_DEVICE_FAMILY = "1,2";
				TEST_TARGET_NAME = CameraPractice;
			};
			name = Debug;
		};
		180138B522C1135C0089811B /* Release */ = {
			isa = XCBuildConfiguration;
			buildSettings = {
				ALWAYS_EMBED_SWIFT_STANDARD_LIBRARIES = YES;
				CODE_SIGN_STYLE = Automatic;
				INFOPLIST_FILE = CameraPracticeUITests/Info.plist;
				LD_RUNPATH_SEARCH_PATHS = (
					"$(inherited)",
					"@executable_path/Frameworks",
					"@loader_path/Frameworks",
				);
				PRODUCT_BUNDLE_IDENTIFIER = CA.CameraPracticeUITests;
				PRODUCT_NAME = "$(TARGET_NAME)";
				SWIFT_VERSION = 5.0;
				TARGETED_DEVICE_FAMILY = "1,2";
				TEST_TARGET_NAME = CameraPractice;
			};
			name = Release;
		};
/* End XCBuildConfiguration section */

/* Begin XCConfigurationList section */
		1801388022C1135A0089811B /* Build configuration list for PBXProject "CameraPractice" */ = {
			isa = XCConfigurationList;
			buildConfigurations = (
				180138AB22C1135C0089811B /* Debug */,
				180138AC22C1135C0089811B /* Release */,
			);
			defaultConfigurationIsVisible = 0;
			defaultConfigurationName = Release;
		};
		180138AD22C1135C0089811B /* Build configuration list for PBXNativeTarget "CameraPractice" */ = {
			isa = XCConfigurationList;
			buildConfigurations = (
				180138AE22C1135C0089811B /* Debug */,
				180138AF22C1135C0089811B /* Release */,
			);
			defaultConfigurationIsVisible = 0;
			defaultConfigurationName = Release;
		};
		180138B022C1135C0089811B /* Build configuration list for PBXNativeTarget "CameraPracticeTests" */ = {
			isa = XCConfigurationList;
			buildConfigurations = (
				180138B122C1135C0089811B /* Debug */,
				180138B222C1135C0089811B /* Release */,
			);
			defaultConfigurationIsVisible = 0;
			defaultConfigurationName = Release;
		};
		180138B322C1135C0089811B /* Build configuration list for PBXNativeTarget "CameraPracticeUITests" */ = {
			isa = XCConfigurationList;
			buildConfigurations = (
				180138B422C1135C0089811B /* Debug */,
				180138B522C1135C0089811B /* Release */,
			);
			defaultConfigurationIsVisible = 0;
			defaultConfigurationName = Release;
		};
/* End XCConfigurationList section */
	};
	rootObject = 1801387D22C1135A0089811B /* Project object */;
}
